
Microsoft Visual Studio Solution File, Format Version 12.00
# Visual Studio Version 17
VisualStudioVersion = 17.0.31903.59
MinimumVisualStudioVersion = 10.0.40219.1
Project("{FAE04EC0-301F-11D3-BF4B-00C04F79EFBC}") = "projekt1", "projekt1\projekt1.csproj", "{A0DE6E77-061A-48CA-9CCC-D63CD3F0D167}"
EndProject
Global
	GlobalSection(SolutionConfigurationPlatforms) = preSolution
		Debug|Any CPU = Debug|Any CPU
		Release|Any CPU = Release|Any CPU
	EndGlobalSection
	GlobalSection(ProjectConfigurationPlatforms) = postSolution
		{A0DE6E77-061A-48CA-9CCC-D63CD3F0D167}.Debug|Any CPU.ActiveCfg = Debug|Any CPU
		{A0DE6E77-061A-48CA-9CCC-D63CD3F0D167}.Debug|Any CPU.Build.0 = Debug|Any CPU
		{A0DE6E77-061A-48CA-9CCC-D63CD3F0D167}.Release|Any CPU.ActiveCfg = Release|Any CPU
		{A0DE6E77-061A-48CA-9CCC-D63CD3F0D167}.Release|Any CPU.Build.0 = Release|Any CPU
	EndGlobalSection
	GlobalSection(SolutionProperties) = preSolution
		HideSolutionNode = FALSE
	EndGlobalSection
	GlobalSection(ExtensibilityGlobals) = postSolution
		SolutionGuid = {6740150C-2205-42AB-BA57-83EBC3BD76B0}
	EndGlobalSection
EndGlobal
